{
  "name": "portfolio",
  "lockfileVersion": 2,
  "requires": true,
  "packages": {
    "": {
      "dependencies": {
        "@sanity/cli": "^2.27.3"
      }
    },
    "node_modules/@sanity/cli": {
      "version": "2.27.3",
      "resolved": "https://registry.npmjs.org/@sanity/cli/-/cli-2.27.3.tgz",
      "integrity": "sha512-lqp8GLsi12cB60Lxw7unGXpNOHKTXEfQvEv9IwaOc6aE4oNSEOc1I4qrtiDNGgGiDQeEB/UsIn9wQF3vqe22Tg==",
      "bin": {
        "sanity": "bin/sanity"
      },
      "engines": {
        "node": ">=12.0.0"
      }
    }
  },
  "dependencies": {
    "@sanity/cli": {
      "version": "2.27.3",
      "resolved": "https://registry.npmjs.org/@sanity/cli/-/cli-2.27.3.tgz",
      "integrity": "sha512-lqp8GLsi12cB60Lxw7unGXpNOHKTXEfQvEv9IwaOc6aE4oNSEOc1I4qrtiDNGgGiDQeEB/UsIn9wQF3vqe22Tg=="
    }
  }
}
